
Microsoft Visual Studio Solution File, Format Version 12.00
# Visual Studio Version 16
VisualStudioVersion = 16.0.33423.256
MinimumVisualStudioVersion = 10.0.40219.1
Project("{F184B08F-C81C-45F6-A57F-5ABD9991F28F}") = "FARIDAH LAB1 WORK", "EDDAH'S LAB1 WORK\FARIDAH LAB1 WORK.vbproj", "{C3EE9733-6622-489B-9220-9A2211D466F3}"
EndProject
Global
	GlobalSection(SolutionConfigurationPlatforms) = preSolution
		Debug|Any CPU = Debug|Any CPU
		Release|Any CPU = Release|Any CPU
	EndGlobalSection
	GlobalSection(ProjectConfigurationPlatforms) = postSolution
		{C3EE9733-6622-489B-9220-9A2211D466F3}.Debug|Any CPU.ActiveCfg = Debug|Any CPU
		{C3EE9733-6622-489B-9220-9A2211D466F3}.Debug|Any CPU.Build.0 = Debug|Any CPU
		{C3EE9733-6622-489B-9220-9A2211D466F3}.Release|Any CPU.ActiveCfg = Release|Any CPU
		{C3EE9733-6622-489B-9220-9A2211D466F3}.Release|Any CPU.Build.0 = Release|Any CPU
	EndGlobalSection
	GlobalSection(SolutionProperties) = preSolution
		HideSolutionNode = FALSE
	EndGlobalSection
	GlobalSection(ExtensibilityGlobals) = postSolution
		SolutionGuid = {27970434-264A-4391-BE5D-F64459588557}
	EndGlobalSection
EndGlobal
